
Microsoft Visual Studio Solution File, Format Version 12.00
# Visual Studio Version 16
VisualStudioVersion = 25.0.1706.12
MinimumVisualStudioVersion = 10.0.40219.1
Project("{FAE04EC0-301F-11D3-BF4B-00C04F79EFBC}") = "PhirAPP", "PhirAPP.csproj", "{1A533DC3-4A63-4D99-A9AF-2439EA4F89E5}"
EndProject
Project("{FAE04EC0-301F-11D3-BF4B-00C04F79EFBC}") = "PhirApp.iOS", "PhirApp.iOS\PhirApp.iOS.csproj", "{2BBF95B6-721B-4062-A2B3-9CBB0C35E569}"
EndProject
Project("{FAE04EC0-301F-11D3-BF4B-00C04F79EFBC}") = "PhirApp.Shared", "PhirApp.Shared\PhirApp.Shared.csproj", "{0CC95774-7CFE-4D1F-A043-B29D0A7C3BD3}"
EndProject
Global
	GlobalSection(SolutionConfigurationPlatforms) = preSolution
		Debug|Any CPU = Debug|Any CPU
		Release|Any CPU = Release|Any CPU
		Debug|iPhoneSimulator = Debug|iPhoneSimulator
		Release|iPhoneSimulator = Release|iPhoneSimulator
		Debug|iPhone = Debug|iPhone
		Release|iPhone = Release|iPhone
	EndGlobalSection
	GlobalSection(ProjectConfigurationPlatforms) = postSolution
		{1A533DC3-4A63-4D99-A9AF-2439EA4F89E5}.Debug|Any CPU.ActiveCfg = Debug|Any CPU
		{1A533DC3-4A63-4D99-A9AF-2439EA4F89E5}.Debug|Any CPU.Build.0 = Debug|Any CPU
		{1A533DC3-4A63-4D99-A9AF-2439EA4F89E5}.Release|Any CPU.ActiveCfg = Release|Any CPU
		{1A533DC3-4A63-4D99-A9AF-2439EA4F89E5}.Release|Any CPU.Build.0 = Release|Any CPU
		{1A533DC3-4A63-4D99-A9AF-2439EA4F89E5}.Debug|iPhoneSimulator.ActiveCfg = Debug|Any CPU
		{1A533DC3-4A63-4D99-A9AF-2439EA4F89E5}.Debug|iPhoneSimulator.Build.0 = Debug|Any CPU
		{1A533DC3-4A63-4D99-A9AF-2439EA4F89E5}.Release|iPhoneSimulator.ActiveCfg = Release|Any CPU
		{1A533DC3-4A63-4D99-A9AF-2439EA4F89E5}.Release|iPhoneSimulator.Build.0 = Release|Any CPU
		{1A533DC3-4A63-4D99-A9AF-2439EA4F89E5}.Debug|iPhone.ActiveCfg = Debug|Any CPU
		{1A533DC3-4A63-4D99-A9AF-2439EA4F89E5}.Debug|iPhone.Build.0 = Debug|Any CPU
		{1A533DC3-4A63-4D99-A9AF-2439EA4F89E5}.Release|iPhone.ActiveCfg = Release|Any CPU
		{1A533DC3-4A63-4D99-A9AF-2439EA4F89E5}.Release|iPhone.Build.0 = Release|Any CPU
		{2BBF95B6-721B-4062-A2B3-9CBB0C35E569}.Debug|Any CPU.ActiveCfg = Debug|iPhoneSimulator
		{2BBF95B6-721B-4062-A2B3-9CBB0C35E569}.Debug|Any CPU.Build.0 = Debug|iPhoneSimulator
		{2BBF95B6-721B-4062-A2B3-9CBB0C35E569}.Release|Any CPU.ActiveCfg = Release|iPhoneSimulator
		{2BBF95B6-721B-4062-A2B3-9CBB0C35E569}.Release|Any CPU.Build.0 = Release|iPhoneSimulator
		{2BBF95B6-721B-4062-A2B3-9CBB0C35E569}.Debug|iPhoneSimulator.ActiveCfg = Debug|iPhoneSimulator
		{2BBF95B6-721B-4062-A2B3-9CBB0C35E569}.Debug|iPhoneSimulator.Build.0 = Debug|iPhoneSimulator
		{2BBF95B6-721B-4062-A2B3-9CBB0C35E569}.Release|iPhoneSimulator.ActiveCfg = Release|iPhoneSimulator
		{2BBF95B6-721B-4062-A2B3-9CBB0C35E569}.Release|iPhoneSimulator.Build.0 = Release|iPhoneSimulator
		{2BBF95B6-721B-4062-A2B3-9CBB0C35E569}.Debug|iPhone.ActiveCfg = Debug|iPhone
		{2BBF95B6-721B-4062-A2B3-9CBB0C35E569}.Debug|iPhone.Build.0 = Debug|iPhone
		{2BBF95B6-721B-4062-A2B3-9CBB0C35E569}.Release|iPhone.ActiveCfg = Release|iPhone
		{2BBF95B6-721B-4062-A2B3-9CBB0C35E569}.Release|iPhone.Build.0 = Release|iPhone
		{0CC95774-7CFE-4D1F-A043-B29D0A7C3BD3}.Debug|Any CPU.ActiveCfg = Debug|Any CPU
		{0CC95774-7CFE-4D1F-A043-B29D0A7C3BD3}.Debug|Any CPU.Build.0 = Debug|Any CPU
		{0CC95774-7CFE-4D1F-A043-B29D0A7C3BD3}.Release|Any CPU.ActiveCfg = Release|Any CPU
		{0CC95774-7CFE-4D1F-A043-B29D0A7C3BD3}.Release|Any CPU.Build.0 = Release|Any CPU
		{0CC95774-7CFE-4D1F-A043-B29D0A7C3BD3}.Debug|iPhoneSimulator.ActiveCfg = Debug|Any CPU
		{0CC95774-7CFE-4D1F-A043-B29D0A7C3BD3}.Debug|iPhoneSimulator.Build.0 = Debug|Any CPU
		{0CC95774-7CFE-4D1F-A043-B29D0A7C3BD3}.Release|iPhoneSimulator.ActiveCfg = Release|Any CPU
		{0CC95774-7CFE-4D1F-A043-B29D0A7C3BD3}.Release|iPhoneSimulator.Build.0 = Release|Any CPU
		{0CC95774-7CFE-4D1F-A043-B29D0A7C3BD3}.Debug|iPhone.ActiveCfg = Debug|Any CPU
		{0CC95774-7CFE-4D1F-A043-B29D0A7C3BD3}.Debug|iPhone.Build.0 = Debug|Any CPU
		{0CC95774-7CFE-4D1F-A043-B29D0A7C3BD3}.Release|iPhone.ActiveCfg = Release|Any CPU
		{0CC95774-7CFE-4D1F-A043-B29D0A7C3BD3}.Release|iPhone.Build.0 = Release|Any CPU
	EndGlobalSection
	GlobalSection(SolutionProperties) = preSolution
		HideSolutionNode = FALSE
	EndGlobalSection
	GlobalSection(ExtensibilityGlobals) = postSolution
		SolutionGuid = {0D02B3AB-7E85-43D6-8481-66D1FFA8745D}
	EndGlobalSection
EndGlobal
